<?xml version="1.0" encoding="utf-8"?>
<Project ToolsVersion="4.0" xmlns="http://schemas.microsoft.com/developer/msbuild/2003">
  <ItemGroup>
    <ClCompile Include="main.cpp" />
    <ClCompile Include="Application.cpp">
      <Filter>Main</Filter>
    </ClCompile>
    <ClCompile Include="MenuPanel.cpp">
      <Filter>Main\UI Component</Filter>
    </ClCompile>
    <ClCompile Include="UIBase.cpp">
      <Filter>Main\UI Component\Base</Filter>
    </ClCompile>
    <ClCompile Include="ViewPanel.cpp">
      <Filter>Main\UI Component</Filter>
    </ClCompile>
    <ClCompile Include="MouseManager.cpp">
      <Filter>Main\Tools</Filter>
    </ClCompile>
    <ClCompile Include="Extends.cpp">
      <Filter>Main\Tools</Filter>
    </ClCompile>
    <ClCompile Include="ViewBase.cpp">
      <Filter>Main\UI Component\Base</Filter>
    </ClCompile>
  </ItemGroup>
  <ItemGroup>
    <Filter Include="Lib">
      <UniqueIdentifier>{bcdd9458-f4de-4d44-8b1f-ffb599940b79}</UniqueIdentifier>
    </Filter>
    <Filter Include="Lib\SDL">
      <UniqueIdentifier>{84d497bb-1b86-408f-80a9-27d783d4151b}</UniqueIdentifier>
      <ParseFiles>false</ParseFiles>
    </Filter>
    <Filter Include="Lib\SDL-image">
      <UniqueIdentifier>{2a891647-3d71-478b-b985-a8a737649e8f}</UniqueIdentifier>
      <ParseFiles>false</ParseFiles>
    </Filter>
    <Filter Include="Lib\SDL-ttf">
      <UniqueIdentifier>{d774770f-fe92-408a-9cd5-838da0e258fa}</UniqueIdentifier>
      <ParseFiles>false</ParseFiles>
    </Filter>
    <Filter Include="Main">
      <UniqueIdentifier>{d2073eb9-b793-4714-abba-f848b519bb4b}</UniqueIdentifier>
    </Filter>
    <Filter Include="Main\Tools">
      <UniqueIdentifier>{23714329-0d75-43c2-aff1-a18fba43e31e}</UniqueIdentifier>
    </Filter>
    <Filter Include="Main\UI Component">
      <UniqueIdentifier>{c99745d8-2cb1-4373-9c27-e31c785b53be}</UniqueIdentifier>
    </Filter>
    <Filter Include="Res">
      <UniqueIdentifier>{6cb0ec1a-835d-4e5c-bad8-be9e39368036}</UniqueIdentifier>
      <Extensions>*.png;*.jpg;*.gif</Extensions>
    </Filter>
    <Filter Include="Main\UI Component\Base">
      <UniqueIdentifier>{3c137895-06a5-4e4b-989f-f57ac0a7cfd7}</UniqueIdentifier>
    </Filter>
    <Filter Include="Main\UI Component\MenuPanel">
      <UniqueIdentifier>{75ac6997-0073-4ee3-b172-529da5aa91f2}</UniqueIdentifier>
    </Filter>
    <Filter Include="Main\UI Component\ViewPanel">
      <UniqueIdentifier>{11295ae7-c820-4984-a783-750a20677f52}</UniqueIdentifier>
    </Filter>
    <Filter Include="Main\UI Component\ViewPanel\WelcomeView">
      <UniqueIdentifier>{1ad80016-fe86-4462-822e-f960ec9a2f31}</UniqueIdentifier>
    </Filter>
    <Filter Include="Main\UI Component\ViewPanel\IntroduceView">
      <UniqueIdentifier>{a0bb157a-e89e-4d4d-a5aa-03456ffff86a}</UniqueIdentifier>
    </Filter>
    <Filter Include="Main\UI Component\ViewPanel\DemonstrationView">
      <UniqueIdentifier>{3e07038a-f166-4316-85c2-089571c7722d}</UniqueIdentifier>
    </Filter>
    <Filter Include="Main\UI Component\ViewPanel\AboutView">
      <UniqueIdentifier>{758345cf-a1b3-482a-9c6a-b03dac4940bd}</UniqueIdentifier>
    </Filter>
    <Filter Include="Main\UI Component\ViewPanel\DemonstrationView\MainClass">
      <UniqueIdentifier>{4c25b4e6-6d15-437c-a590-dbd3616b578a}</UniqueIdentifier>
    </Filter>
    <Filter Include="Main\UI Component\ViewPanel\DemonstrationView\MainClass\Item">
      <UniqueIdentifier>{67450e7d-6802-4ae4-b28b-92418699115b}</UniqueIdentifier>
    </Filter>
    <Filter Include="Main\UI Component\ViewPanel\DemonstrationView\MainClass\Client">
      <UniqueIdentifier>{9128d12a-bf73-49a1-8076-b4b07014a436}</UniqueIdentifier>
    </Filter>
  </ItemGroup>
  <ItemGroup>
    <ClInclude Include="Application.h">
      <Filter>Main</Filter>
    </ClInclude>
    <ClInclude Include="MenuPanel.h">
      <Filter>Main\UI Component</Filter>
    </ClInclude>
    <ClInclude Include="UIBase.h">
      <Filter>Main\UI Component\Base</Filter>
    </ClInclude>
    <ClInclude Include="UIRefresh.h">
      <Filter>Main\Tools</Filter>
    </ClInclude>
    <ClInclude Include="ViewPanel.h">
      <Filter>Main\UI Component</Filter>
    </ClInclude>
    <ClInclude Include="MenuSystemClose.h">
      <Filter>Main\UI Component\MenuPanel</Filter>
    </ClInclude>
    <ClInclude Include="MenuSystemMinimize.h">
      <Filter>Main\UI Component\MenuPanel</Filter>
    </ClInclude>
    <ClInclude Include="MouseManager.h">
      <Filter>Main\Tools</Filter>
    </ClInclude>
    <ClInclude Include="Extends.h">
      <Filter>Main\Tools</Filter>
    </ClInclude>
    <ClInclude Include="Include.h">
      <Filter>Main\Tools</Filter>
    </ClInclude>
    <ClInclude Include="StdInclude.h">
      <Filter>Main\Tools</Filter>
    </ClInclude>
    <ClInclude Include="ButtonBase.h">
      <Filter>Main\UI Component\Base</Filter>
    </ClInclude>
    <ClInclude Include="MenuViewSelector.h">
      <Filter>Main\UI Component\MenuPanel</Filter>
    </ClInclude>
    <ClInclude Include="MenuViewSelectorHub.h">
      <Filter>Main\UI Component\MenuPanel</Filter>
    </ClInclude>
    <ClInclude Include="ViewBase.h">
      <Filter>Main\UI Component\Base</Filter>
    </ClInclude>
    <ClInclude Include="ViewIntroduce.h">
      <Filter>Main\UI Component\ViewPanel</Filter>
    </ClInclude>
    <ClInclude Include="ViewDemonstration.h">
      <Filter>Main\UI Component\ViewPanel</Filter>
    </ClInclude>
    <ClInclude Include="ViewAbout.h">
      <Filter>Main\UI Component\ViewPanel</Filter>
    </ClInclude>
    <ClInclude Include="ViewWelcome.h">
      <Filter>Main\UI Component\ViewPanel</Filter>
    </ClInclude>
    <ClInclude Include="DemoSidebar.h">
      <Filter>Main\UI Component\ViewPanel\DemonstrationView</Filter>
    </ClInclude>
    <ClInclude Include="DemoMap.h">
      <Filter>Main\UI Component\ViewPanel\DemonstrationView</Filter>
    </ClInclude>
    <ClInclude Include="DemoNotification.h">
      <Filter>Main\UI Component\ViewPanel\DemonstrationView</Filter>
    </ClInclude>
    <ClInclude Include="DemoHexagon.h">
      <Filter>Main\UI Component\ViewPanel\DemonstrationView</Filter>
    </ClInclude>
    <ClInclude Include="MainBaseStation.h">
      <Filter>Main\UI Component\ViewPanel\DemonstrationView\MainClass</Filter>
    </ClInclude>
    <ClInclude Include="MainMobileClient.h">
      <Filter>Main\UI Component\ViewPanel\DemonstrationView\MainClass</Filter>
    </ClInclude>
    <ClInclude Include="MainScreen.h">
      <Filter>Main\UI Component\ViewPanel\DemonstrationView\MainClass\Item</Filter>
    </ClInclude>
    <ClInclude Include="MainChip.h">
      <Filter>Main\UI Component\ViewPanel\DemonstrationView\MainClass\Item</Filter>
    </ClInclude>
    <ClInclude Include="MainKeyboard.h">
      <Filter>Main\UI Component\ViewPanel\DemonstrationView\MainClass\Item</Filter>
    </ClInclude>
    <ClInclude Include="MainPDA.h">
      <Filter>Main\UI Component\ViewPanel\DemonstrationView\MainClass\Client</Filter>
    </ClInclude>
    <ClInclude Include="MainMobilePhone.h">
      <Filter>Main\UI Component\ViewPanel\DemonstrationView\MainClass\Client</Filter>
    </ClInclude>
    <ClInclude Include="MainLaptop.h">
      <Filter>Main\UI Component\ViewPanel\DemonstrationView\MainClass\Client</Filter>
    </ClInclude>
    <ClInclude Include="DemoBaseStationListItem.h">
      <Filter>Main\UI Component\ViewPanel\DemonstrationView</Filter>
    </ClInclude>
    <ClInclude Include="DemoDataManager.h">
      <Filter>Main\UI Component\ViewPanel\DemonstrationView</Filter>
    </ClInclude>
    <ClInclude Include="DemoMobileClientListItem.h">
      <Filter>Main\UI Component\ViewPanel\DemonstrationView</Filter>
    </ClInclude>
  </ItemGroup>
  <ItemGroup>
    <Image Include="menubar.png">
      <Filter>Res</Filter>
    </Image>
    <Image Include="view-about.png">
      <Filter>Res</Filter>
    </Image>
    <Image Include="view-demonstration.png">
      <Filter>Res</Filter>
    </Image>
    <Image Include="view-introduce.png">
      <Filter>Res</Filter>
    </Image>
    <Image Include="view-welcome.png">
      <Filter>Res</Filter>
    </Image>
    <Image Include="Hexagon.png">
      <Filter>Res</Filter>
    </Image>
  </ItemGroup>
</Project>